
Microsoft Visual Studio Solution File, Format Version 12.00
# Visual Studio Version 17
VisualStudioVersion = 17.0.31903.59
MinimumVisualStudioVersion = 10.0.40219.1
Project("{9A19103F-16F7-4668-BE54-9A1E7A4F7556}") = "APIGATEWAY", "APIGATEWAY\APIGATEWAY.csproj", "{501C915A-0FF5-4BD2-8B24-9469AF62ACF4}"
EndProject
Project("{9A19103F-16F7-4668-BE54-9A1E7A4F7556}") = "LoginServices", "LoginServices\LoginServices.csproj", "{01E0BC57-390C-4F50-BA7B-529AB8429E48}"
EndProject
Project("{9A19103F-16F7-4668-BE54-9A1E7A4F7556}") = "EmployeeServices", "EmployeeServices\EmployeeServices.csproj", "{02CFB29A-7612-4B65-A305-C25917268535}"
EndProject
Project("{2150E333-8FDC-42A3-9474-1A3956D46DE8}") = "Services", "Services", "{8F823006-9B68-4BE6-9662-8B58F3142F60}"
EndProject
Project("{FAE04EC0-301F-11D3-BF4B-00C04F79EFBC}") = "UserInterface", "UserInterface\UserInterface.csproj", "{43544733-FD4B-400D-8FB5-35D91E7813FB}"
EndProject
Global
	GlobalSection(SolutionConfigurationPlatforms) = preSolution
		Debug|Any CPU = Debug|Any CPU
		Release|Any CPU = Release|Any CPU
	EndGlobalSection
	GlobalSection(ProjectConfigurationPlatforms) = postSolution
		{501C915A-0FF5-4BD2-8B24-9469AF62ACF4}.Debug|Any CPU.ActiveCfg = Debug|Any CPU
		{501C915A-0FF5-4BD2-8B24-9469AF62ACF4}.Debug|Any CPU.Build.0 = Debug|Any CPU
		{501C915A-0FF5-4BD2-8B24-9469AF62ACF4}.Release|Any CPU.ActiveCfg = Release|Any CPU
		{501C915A-0FF5-4BD2-8B24-9469AF62ACF4}.Release|Any CPU.Build.0 = Release|Any CPU
		{01E0BC57-390C-4F50-BA7B-529AB8429E48}.Debug|Any CPU.ActiveCfg = Debug|Any CPU
		{01E0BC57-390C-4F50-BA7B-529AB8429E48}.Debug|Any CPU.Build.0 = Debug|Any CPU
		{01E0BC57-390C-4F50-BA7B-529AB8429E48}.Release|Any CPU.ActiveCfg = Release|Any CPU
		{01E0BC57-390C-4F50-BA7B-529AB8429E48}.Release|Any CPU.Build.0 = Release|Any CPU
		{02CFB29A-7612-4B65-A305-C25917268535}.Debug|Any CPU.ActiveCfg = Debug|Any CPU
		{02CFB29A-7612-4B65-A305-C25917268535}.Debug|Any CPU.Build.0 = Debug|Any CPU
		{02CFB29A-7612-4B65-A305-C25917268535}.Release|Any CPU.ActiveCfg = Release|Any CPU
		{02CFB29A-7612-4B65-A305-C25917268535}.Release|Any CPU.Build.0 = Release|Any CPU
		{43544733-FD4B-400D-8FB5-35D91E7813FB}.Debug|Any CPU.ActiveCfg = Debug|Any CPU
		{43544733-FD4B-400D-8FB5-35D91E7813FB}.Debug|Any CPU.Build.0 = Debug|Any CPU
		{43544733-FD4B-400D-8FB5-35D91E7813FB}.Release|Any CPU.ActiveCfg = Release|Any CPU
		{43544733-FD4B-400D-8FB5-35D91E7813FB}.Release|Any CPU.Build.0 = Release|Any CPU
	EndGlobalSection
	GlobalSection(SolutionProperties) = preSolution
		HideSolutionNode = FALSE
	EndGlobalSection
	GlobalSection(NestedProjects) = preSolution
		{01E0BC57-390C-4F50-BA7B-529AB8429E48} = {8F823006-9B68-4BE6-9662-8B58F3142F60}
		{02CFB29A-7612-4B65-A305-C25917268535} = {8F823006-9B68-4BE6-9662-8B58F3142F60}
	EndGlobalSection
	GlobalSection(ExtensibilityGlobals) = postSolution
		SolutionGuid = {B84D9A43-00B8-45DE-98CD-39EDDA5EF6B5}
	EndGlobalSection
EndGlobal
